{
  "name": "odelic-matter",
  "version": "0.1.0",
  "lockfileVersion": 3,
  "requires": true,
  "packages": {
    "": {
      "name": "odelic-matter",
      "version": "0.1.0",
      "license": "MIT",
      "dependencies": {
        "@matter/main": "^0.17.6"
      },
      "devDependencies": {
        "@types/node": "^20.19.9",
        "typescript": "^5.9.3"
      },
      "engines": {
        "node": ">=20.0.0"
      }
    },
    "node_modules/@matter/general": {
      "version": "0.17.6",
      "resolved": "https://registry.npmjs.org/@matter/general/-/general-0.17.6.tgz",
      "integrity": "sha512-PiSly47lwR+31sMWZTxT9eVgibfC2PB3FflTwxhVDzektrNNYT4wh9+5abTNhQmszs/VnXixbyo64HSz+LQS8g==",
      "license": "Apache-2.0",
      "dependencies": {
        "@noble/curves": "^2.2.0"
      }
    },
    "node_modules/@matter/main": {
      "version": "0.17.6",
      "resolved": "https://registry.npmjs.org/@matter/main/-/main-0.17.6.tgz",
      "integrity": "sha512-RBXVLxJGEd3IUZ63QrHPUpb7o1amErvs2MoK3bJpnUXYNqXAuN2IHLTYZ04j4yrdMHJlyGSDxdIYr5rN6zXqSA==",
      "license": "Apache-2.0",
      "dependencies": {
        "@matter/general": "0.17.6",
        "@matter/model": "0.17.6",
        "@matter/node": "0.17.6",
        "@matter/protocol": "0.17.6",
        "@matter/types": "0.17.6"
      },
      "optionalDependencies": {
        "@matter/nodejs": "0.17.6"
      }
    },
    "node_modules/@matter/model": {
      "version": "0.17.6",
      "resolved": "https://registry.npmjs.org/@matter/model/-/model-0.17.6.tgz",
      "integrity": "sha512-ECf6r0zTq6FS6IA4ov8qtSu36iyO1oxEJT06RFYX/SVDOyfhgzRjQDSIsVtW4UwTMht8kSVnDJE9EAO0qY37YA==",
      "license": "Apache-2.0",
      "dependencies": {
        "@matter/general": "0.17.6"
      }
    },
    "node_modules/@matter/node": {
      "version": "0.17.6",
      "resolved": "https://registry.npmjs.org/@matter/node/-/node-0.17.6.tgz",
      "integrity": "sha512-qtkh3/hz+73Wh7kY+Jz9HogrnpqjIMreYaY//VEMb9Jl/tY1A+3RFa7PDIY51LK2m+gWy3boXu/3kdYEvn00ig==",
      "license": "Apache-2.0",
      "dependencies": {
        "@matter/general": "0.17.6",
        "@matter/model": "0.17.6",
        "@matter/protocol": "0.17.6",
        "@matter/types": "0.17.6"
      }
    },
    "node_modules/@matter/nodejs": {
      "version": "0.17.6",
      "resolved": "https://registry.npmjs.org/@matter/nodejs/-/nodejs-0.17.6.tgz",
      "integrity": "sha512-tvn2wLMgjd1YVKr/kAkKq50WU+8mUeoDVCPIyO6aXJMsy0GTOc8/vC3Lu3ZIUD1IwMiOgn67xnqBVozpp+ZjTw==",
      "license": "Apache-2.0",
      "optional": true,
      "dependencies": {
        "@matter/general": "0.17.6",
        "@matter/node": "0.17.6",
        "@matter/protocol": "0.17.6",
        "@matter/types": "0.17.6"
      },
      "engines": {
        "node": ">=20.19.0 <22.0.0 || >=22.13.0"
      }
    },
    "node_modules/@matter/protocol": {
      "version": "0.17.6",
      "resolved": "https://registry.npmjs.org/@matter/protocol/-/protocol-0.17.6.tgz",
      "integrity": "sha512-p3oc8v2RKKbV4RkkjKemDpzheNHFMQJnbxpij2yKpxsXYIXpYnwtexnvLxDpZCJPsd9Jv3igSxxURBEUexHmBA==",
      "license": "Apache-2.0",
      "dependencies": {
        "@matter/general": "0.17.6",
        "@matter/model": "0.17.6",
        "@matter/types": "0.17.6"
      }
    },
    "node_modules/@matter/types": {
      "version": "0.17.6",
      "resolved": "https://registry.npmjs.org/@matter/types/-/types-0.17.6.tgz",
      "integrity": "sha512-zYCWx+om6hQR6s6CHniWJMaOsqzTNDKcxUoU0QI8ZgF39SCtIeIb+qOzNigoAtKKZzhVdo9B5IsbEbYY4PhO3g==",
      "license": "Apache-2.0",
      "dependencies": {
        "@matter/general": "0.17.6",
        "@matter/model": "0.17.6"
      }
    },
    "node_modules/@noble/curves": {
      "version": "2.2.0",
      "resolved": "https://registry.npmjs.org/@noble/curves/-/curves-2.2.0.tgz",
      "integrity": "sha512-T/BoHgFXirb0ENSPBquzX0rcjXeM6Lo892a2jlYJkqk83LqZx0l1Of7DzlKJ6jkpvMrkHSnAcgb5JegL8SeIkQ==",
      "license": "MIT",
      "dependencies": {
        "@noble/hashes": "2.2.0"
      },
      "engines": {
        "node": ">= 20.19.0"
      },
      "funding": {
        "url": "https://paulmillr.com/funding/"
      }
    },
    "node_modules/@noble/hashes": {
      "version": "2.2.0",
      "resolved": "https://registry.npmjs.org/@noble/hashes/-/hashes-2.2.0.tgz",
      "integrity": "sha512-IYqDGiTXab6FniAgnSdZwgWbomxpy9FtYvLKs7wCUs2a8RkITG+DFGO1DM9cr+E3/RgADRpFjrKVaJ1z6sjtEg==",
      "license": "MIT",
      "engines": {
        "node": ">= 20.19.0"
      },
      "funding": {
        "url": "https://paulmillr.com/funding/"
      }
    },
    "node_modules/@types/node": {
      "version": "20.19.43",
      "resolved": "https://registry.npmjs.org/@types/node/-/node-20.19.43.tgz",
      "integrity": "sha512-6oYBAi5ikg4Pl+kGsoYtawUMBT2zZMCvPNF7pVLnHZfd1zf38DRiWn/gT01RYCdUqkv7Fhr+C9ot4/tb+2sVvA==",
      "dev": true,
      "license": "MIT",
      "dependencies": {
        "undici-types": "~6.21.0"
      }
    },
    "node_modules/typescript": {
      "version": "5.9.3",
      "resolved": "https://registry.npmjs.org/typescript/-/typescript-5.9.3.tgz",
      "integrity": "sha512-jl1vZzPDinLr9eUt3J/t7V6FgNEw9QjvBPdysz9KfQDD41fQrC2Y4vKQdiaUpFT4bXlb1RHhLpp8wtm6M5TgSw==",
      "dev": true,
      "license": "Apache-2.0",
      "bin": {
        "tsc": "bin/tsc",
        "tsserver": "bin/tsserver"
      },
      "engines": {
        "node": ">=14.17"
      }
    },
    "node_modules/undici-types": {
      "version": "6.21.0",
      "resolved": "https://registry.npmjs.org/undici-types/-/undici-types-6.21.0.tgz",
      "integrity": "sha512-iwDZqg0QAGrg9Rav5H4n0M64c3mkR59cJ6wQp+7C4nI0gsmExaedaYLNO44eT4AtBBwjbTiGPMlt2Md0T9H9JQ==",
      "dev": true,
      "license": "MIT"
    }
  }
}
